// !$*UTF8*$!
{
	archiveVersion = 1;
	classes = {
	};
	objectVersion = 55;
	objects = {

/* Begin PBXBuildFile section */
		74CB35C22865D358003FFD59 /* Dynamic.swift in Sources */ = {isa = PBXBuildFile; fileRef = 74CB35C12865D358003FFD59 /* Dynamic.swift */; };
		74CB35C92865D5EE003FFD59 /* CoctailsListDao.swift in Sources */ = {isa = PBXBuildFile; fileRef = 74CB35C82865D5EE003FFD59 /* CoctailsListDao.swift */; };
		74CB35CD2865DAD9003FFD59 /* ApiSession.swift in Sources */ = {isa = PBXBuildFile; fileRef = 74CB35CC2865DAD9003FFD59 /* ApiSession.swift */; };
		74CB35D02865DB43003FFD59 /* Constants.swift in Sources */ = {isa = PBXBuildFile; fileRef = 74CB35CF2865DB43003FFD59 /* Constants.swift */; };
		74CB35D22865E428003FFD59 /* ViewModel.swift in Sources */ = {isa = PBXBuildFile; fileRef = 74CB35D12865E428003FFD59 /* ViewModel.swift */; };
		74CB35D52865F465003FFD59 /* CoctailCell.swift in Sources */ = {isa = PBXBuildFile; fileRef = 74CB35D32865F465003FFD59 /* CoctailCell.swift */; };
		74CB35D62865F465003FFD59 /* CoctailCell.xib in Resources */ = {isa = PBXBuildFile; fileRef = 74CB35D42865F465003FFD59 /* CoctailCell.xib */; };
		74EBACF42858C7F2002F6F13 /* AppDelegate.swift in Sources */ = {isa = PBXBuildFile; fileRef = 74EBACF32858C7F2002F6F13 /* AppDelegate.swift */; };
		74EBACF62858C7F2002F6F13 /* SceneDelegate.swift in Sources */ = {isa = PBXBuildFile; fileRef = 74EBACF52858C7F2002F6F13 /* SceneDelegate.swift */; };
		74EBACF82858C7F2002F6F13 /* ViewController.swift in Sources */ = {isa = PBXBuildFile; fileRef = 74EBACF72858C7F2002F6F13 /* ViewController.swift */; };
		74EBACFB2858C7F2002F6F13 /* Main.storyboard in Resources */ = {isa = PBXBuildFile; fileRef = 74EBACF92858C7F2002F6F13 /* Main.storyboard */; };
		74EBACFD2858C7F4002F6F13 /* Assets.xcassets in Resources */ = {isa = PBXBuildFile; fileRef = 74EBACFC2858C7F4002F6F13 /* Assets.xcassets */; };
		74EBAD002858C7F4002F6F13 /* LaunchScreen.storyboard in Resources */ = {isa = PBXBuildFile; fileRef = 74EBACFE2858C7F4002F6F13 /* LaunchScreen.storyboard */; };
/* End PBXBuildFile section */

/* Begin PBXFileReference section */
		74CB35C12865D358003FFD59 /* Dynamic.swift */ = {isa = PBXFileReference; lastKnownFileType = sourcecode.swift; path = Dynamic.swift; sourceTree = "<group>"; };
		74CB35C82865D5EE003FFD59 /* CoctailsListDao.swift */ = {isa = PBXFileReference; lastKnownFileType = sourcecode.swift; path = CoctailsListDao.swift; sourceTree = "<group>"; };
		74CB35CC2865DAD9003FFD59 /* ApiSession.swift */ = {isa = PBXFileReference; lastKnownFileType = sourcecode.swift; path = ApiSession.swift; sourceTree = "<group>"; };
		74CB35CF2865DB43003FFD59 /* Constants.swift */ = {isa = PBXFileReference; lastKnownFileType = sourcecode.swift; path = Constants.swift; sourceTree = "<group>"; };
		74CB35D12865E428003FFD59 /* ViewModel.swift */ = {isa = PBXFileReference; lastKnownFileType = sourcecode.swift; path = ViewModel.swift; sourceTree = "<group>"; };
		74CB35D32865F465003FFD59 /* CoctailCell.swift */ = {isa = PBXFileReference; lastKnownFileType = sourcecode.swift; path = CoctailCell.swift; sourceTree = "<group>"; };
		74CB35D42865F465003FFD59 /* CoctailCell.xib */ = {isa = PBXFileReference; lastKnownFileType = file.xib; path = CoctailCell.xib; sourceTree = "<group>"; };
		74EBACF02858C7F2002F6F13 /* Coctail App.app */ = {isa = PBXFileReference; explicitFileType = wrapper.application; includeInIndex = 0; path = "Coctail App.app"; sourceTree = BUILT_PRODUCTS_DIR; };
		74EBACF32858C7F2002F6F13 /* AppDelegate.swift */ = {isa = PBXFileReference; lastKnownFileType = sourcecode.swift; path = AppDelegate.swift; sourceTree = "<group>"; };
		74EBACF52858C7F2002F6F13 /* SceneDelegate.swift */ = {isa = PBXFileReference; lastKnownFileType = sourcecode.swift; path = SceneDelegate.swift; sourceTree = "<group>"; };
		74EBACF72858C7F2002F6F13 /* ViewController.swift */ = {isa = PBXFileReference; lastKnownFileType = sourcecode.swift; path = ViewController.swift; sourceTree = "<group>"; };
		74EBACFA2858C7F2002F6F13 /* Base */ = {isa = PBXFileReference; lastKnownFileType = file.storyboard; name = Base; path = Base.lproj/Main.storyboard; sourceTree = "<group>"; };
		74EBACFC2858C7F4002F6F13 /* Assets.xcassets */ = {isa = PBXFileReference; lastKnownFileType = folder.assetcatalog; path = Assets.xcassets; sourceTree = "<group>"; };
		74EBACFF2858C7F4002F6F13 /* Base */ = {isa = PBXFileReference; lastKnownFileType = file.storyboard; name = Base; path = Base.lproj/LaunchScreen.storyboard; sourceTree = "<group>"; };
		74EBAD012858C7F4002F6F13 /* Info.plist */ = {isa = PBXFileReference; lastKnownFileType = text.plist.xml; path = Info.plist; sourceTree = "<group>"; };
/* End PBXFileReference section */

/* Begin PBXFrameworksBuildPhase section */
		74EBACED2858C7F2002F6F13 /* Frameworks */ = {
			isa = PBXFrameworksBuildPhase;
			buildActionMask = 2147483647;
			files = (
			);
			runOnlyForDeploymentPostprocessing = 0;
		};
/* End PBXFrameworksBuildPhase section */

/* Begin PBXGroup section */
		74CB35BB2865CE03003FFD59 /* Models */ = {
			isa = PBXGroup;
			children = (
				74CB35CB2865DAAC003FFD59 /* Daos */,
				74CB35CC2865DAD9003FFD59 /* ApiSession.swift */,
			);
			path = Models;
			sourceTree = "<group>";
		};
		74CB35BC2865CE19003FFD59 /* Views */ = {
			isa = PBXGroup;
			children = (
				74CB35BF2865CE89003FFD59 /* Storyboards */,
				74CB35BE2865CE2F003FFD59 /* ViewControllers */,
			);
			path = Views;
			sourceTree = "<group>";
		};
		74CB35BD2865CE24003FFD59 /* ViewModels */ = {
			isa = PBXGroup;
			children = (
				74CB35C02865D341003FFD59 /* Bindings */,
				74CB35D12865E428003FFD59 /* ViewModel.swift */,
			);
			path = ViewModels;
			sourceTree = "<group>";
		};
		74CB35BE2865CE2F003FFD59 /* ViewControllers */ = {
			isa = PBXGroup;
			children = (
				74EBACF72858C7F2002F6F13 /* ViewController.swift */,
			);
			path = ViewControllers;
			sourceTree = "<group>";
		};
		74CB35BF2865CE89003FFD59 /* Storyboards */ = {
			isa = PBXGroup;
			children = (
				74EBACF92858C7F2002F6F13 /* Main.storyboard */,
				74EBACFE2858C7F4002F6F13 /* LaunchScreen.storyboard */,
				74CB35D32865F465003FFD59 /* CoctailCell.swift */,
				74CB35D42865F465003FFD59 /* CoctailCell.xib */,
			);
			path = Storyboards;
			sourceTree = "<group>";
		};
		74CB35C02865D341003FFD59 /* Bindings */ = {
			isa = PBXGroup;
			children = (
				74CB35C12865D358003FFD59 /* Dynamic.swift */,
			);
			path = Bindings;
			sourceTree = "<group>";
		};
		74CB35CB2865DAAC003FFD59 /* Daos */ = {
			isa = PBXGroup;
			children = (
				74CB35C82865D5EE003FFD59 /* CoctailsListDao.swift */,
			);
			path = Daos;
			sourceTree = "<group>";
		};
		74CB35CE2865DB35003FFD59 /* Utils */ = {
			isa = PBXGroup;
			children = (
				74CB35CF2865DB43003FFD59 /* Constants.swift */,
			);
			path = Utils;
			sourceTree = "<group>";
		};
		74EBACE72858C7F2002F6F13 = {
			isa = PBXGroup;
			children = (
				74EBACF22858C7F2002F6F13 /* Coctail App */,
				74EBACF12858C7F2002F6F13 /* Products */,
			);
			sourceTree = "<group>";
		};
		74EBACF12858C7F2002F6F13 /* Products */ = {
			isa = PBXGroup;
			children = (
				74EBACF02858C7F2002F6F13 /* Coctail App.app */,
			);
			name = Products;
			sourceTree = "<group>";
		};
		74EBACF22858C7F2002F6F13 /* Coctail App */ = {
			isa = PBXGroup;
			children = (
				74CB35CE2865DB35003FFD59 /* Utils */,
				74CB35BD2865CE24003FFD59 /* ViewModels */,
				74CB35BC2865CE19003FFD59 /* Views */,
				74CB35BB2865CE03003FFD59 /* Models */,
				74EBACF32858C7F2002F6F13 /* AppDelegate.swift */,
				74EBACF52858C7F2002F6F13 /* SceneDelegate.swift */,
				74EBACFC2858C7F4002F6F13 /* Assets.xcassets */,
				74EBAD012858C7F4002F6F13 /* Info.plist */,
			);
			path = "Coctail App";
			sourceTree = "<group>";
		};
/* End PBXGroup section */

/* Begin PBXNativeTarget section */
		74EBACEF2858C7F2002F6F13 /* Coctail App */ = {
			isa = PBXNativeTarget;
			buildConfigurationList = 74EBAD042858C7F4002F6F13 /* Build configuration list for PBXNativeTarget "Coctail App" */;
			buildPhases = (
				74EBACEC2858C7F2002F6F13 /* Sources */,
				74EBACED2858C7F2002F6F13 /* Frameworks */,
				74EBACEE2858C7F2002F6F13 /* Resources */,
			);
			buildRules = (
			);
			dependencies = (
			);
			name = "Coctail App";
			productName = "Coctail App";
			productReference = 74EBACF02858C7F2002F6F13 /* Coctail App.app */;
			productType = "com.apple.product-type.application";
		};
/* End PBXNativeTarget section */

/* Begin PBXProject section */
		74EBACE82858C7F2002F6F13 /* Project object */ = {
			isa = PBXProject;
			attributes = {
				BuildIndependentTargetsInParallel = 1;
				LastSwiftUpdateCheck = 1340;
				LastUpgradeCheck = 1340;
				TargetAttributes = {
					74EBACEF2858C7F2002F6F13 = {
						CreatedOnToolsVersion = 13.4.1;
					};
				};
			};
			buildConfigurationList = 74EBACEB2858C7F2002F6F13 /* Build configuration list for PBXProject "Coctail App" */;
			compatibilityVersion = "Xcode 13.0";
			developmentRegion = en;
			hasScannedForEncodings = 0;
			knownRegions = (
				en,
				Base,
			);
			mainGroup = 74EBACE72858C7F2002F6F13;
			productRefGroup = 74EBACF12858C7F2002F6F13 /* Products */;
			projectDirPath = "";
			projectRoot = "";
			targets = (
				74EBACEF2858C7F2002F6F13 /* Coctail App */,
			);
		};
/* End PBXProject section */

/* Begin PBXResourcesBuildPhase section */
		74EBACEE2858C7F2002F6F13 /* Resources */ = {
			isa = PBXResourcesBuildPhase;
			buildActionMask = 2147483647;
			files = (
				74EBAD002858C7F4002F6F13 /* LaunchScreen.storyboard in Resources */,
				74EBACFD2858C7F4002F6F13 /* Assets.xcassets in Resources */,
				74EBACFB2858C7F2002F6F13 /* Main.storyboard in Resources */,
				74CB35D62865F465003FFD59 /* CoctailCell.xib in Resources */,
			);
			runOnlyForDeploymentPostprocessing = 0;
		};
/* End PBXResourcesBuildPhase section */

/* Begin PBXSourcesBuildPhase section */
		74EBACEC2858C7F2002F6F13 /* Sources */ = {
			isa = PBXSourcesBuildPhase;
			buildActionMask = 2147483647;
			files = (
				74EBACF82858C7F2002F6F13 /* ViewController.swift in Sources */,
				74CB35D52865F465003FFD59 /* CoctailCell.swift in Sources */,
				74CB35D02865DB43003FFD59 /* Constants.swift in Sources */,
				74CB35C22865D358003FFD59 /* Dynamic.swift in Sources */,
				74EBACF42858C7F2002F6F13 /* AppDelegate.swift in Sources */,
				74CB35CD2865DAD9003FFD59 /* ApiSession.swift in Sources */,
				74EBACF62858C7F2002F6F13 /* SceneDelegate.swift in Sources */,
				74CB35D22865E428003FFD59 /* ViewModel.swift in Sources */,
				74CB35C92865D5EE003FFD59 /* CoctailsListDao.swift in Sources */,
			);
			runOnlyForDeploymentPostprocessing = 0;
		};
/* End PBXSourcesBuildPhase section */

/* Begin PBXVariantGroup section */
		74EBACF92858C7F2002F6F13 /* Main.storyboard */ = {
			isa = PBXVariantGroup;
			children = (
				74EBACFA2858C7F2002F6F13 /* Base */,
			);
			name = Main.storyboard;
			sourceTree = "<group>";
		};
		74EBACFE2858C7F4002F6F13 /* LaunchScreen.storyboard */ = {
			isa = PBXVariantGroup;
			children = (
				74EBACFF2858C7F4002F6F13 /* Base */,
			);
			name = LaunchScreen.storyboard;
			sourceTree = "<group>";
		};
/* End PBXVariantGroup section */

/* Begin XCBuildConfiguration section */
		74EBAD022858C7F4002F6F13 /* Debug */ = {
			isa = XCBuildConfiguration;
			buildSettings = {
				ALWAYS_SEARCH_USER_PATHS = NO;
				CLANG_ANALYZER_NONNULL = YES;
				CLANG_ANALYZER_NUMBER_OBJECT_CONVERSION = YES_AGGRESSIVE;
				CLANG_CXX_LANGUAGE_STANDARD = "gnu++17";
				CLANG_ENABLE_MODULES = YES;
				CLANG_ENABLE_OBJC_ARC = YES;
				CLANG_ENABLE_OBJC_WEAK = YES;
				CLANG_WARN_BLOCK_CAPTURE_AUTORELEASING = YES;
				CLANG_WARN_BOOL_CONVERSION = YES;
				CLANG_WARN_COMMA = YES;
				CLANG_WARN_CONSTANT_CONVERSION = YES;
				CLANG_WARN_DEPRECATED_OBJC_IMPLEMENTATIONS = YES;
				CLANG_WARN_DIRECT_OBJC_ISA_USAGE = YES_ERROR;
				CLANG_WARN_DOCUMENTATION_COMMENTS = YES;
				CLANG_WARN_EMPTY_BODY = YES;
				CLANG_WARN_ENUM_CONVERSION = YES;
				CLANG_WARN_INFINITE_RECURSION = YES;
				CLANG_WARN_INT_CONVERSION = YES;
				CLANG_WARN_NON_LITERAL_NULL_CONVERSION = YES;
				CLANG_WARN_OBJC_IMPLICIT_RETAIN_SELF = YES;
				CLANG_WARN_OBJC_LITERAL_CONVERSION = YES;
				CLANG_WARN_OBJC_ROOT_CLASS = YES_ERROR;
				CLANG_WARN_QUOTED_INCLUDE_IN_FRAMEWORK_HEADER = YES;
				CLANG_WARN_RANGE_LOOP_ANALYSIS = YES;
				CLANG_WARN_STRICT_PROTOTYPES = YES;
				CLANG_WARN_SUSPICIOUS_MOVE = YES;
				CLANG_WARN_UNGUARDED_AVAILABILITY = YES_AGGRESSIVE;
				CLANG_WARN_UNREACHABLE_CODE = YES;
				CLANG_WARN__DUPLICATE_METHOD_MATCH = YES;
				COPY_PHASE_STRIP = NO;
				DEBUG_INFORMATION_FORMAT = dwarf;
				ENABLE_STRICT_OBJC_MSGSEND = YES;
				ENABLE_TESTABILITY = YES;
				GCC_C_LANGUAGE_STANDARD = gnu11;
				GCC_DYNAMIC_NO_PIC = NO;
				GCC_NO_COMMON_BLOCKS = YES;
				GCC_OPTIMIZATION_LEVEL = 0;
				GCC_PREPROCESSOR_DEFINITIONS = (
					"DEBUG=1",
					"$(inherited)",
				);
				GCC_WARN_64_TO_32_BIT_CONVERSION = YES;
				GCC_WARN_ABOUT_RETURN_TYPE = YES_ERROR;
				GCC_WARN_UNDECLARED_SELECTOR = YES;
				GCC_WARN_UNINITIALIZED_AUTOS = YES_AGGRESSIVE;
				GCC_WARN_UNUSED_FUNCTION = YES;
				GCC_WARN_UNUSED_VARIABLE = YES;
				IPHONEOS_DEPLOYMENT_TARGET = 15.5;
				MTL_ENABLE_DEBUG_INFO = INCLUDE_SOURCE;
				MTL_FAST_MATH = YES;
				ONLY_ACTIVE_ARCH = YES;
				SDKROOT = iphoneos;
				SWIFT_ACTIVE_COMPILATION_CONDITIONS = DEBUG;
				SWIFT_OPTIMIZATION_LEVEL = "-Onone";
			};
			name = Debug;
		};
		74EBAD032858C7F4002F6F13 /* Release */ = {
			isa = XCBuildConfiguration;
			buildSettings = {
				ALWAYS_SEARCH_USER_PATHS = NO;
				CLANG_ANALYZER_NONNULL = YES;
				CLANG_ANALYZER_NUMBER_OBJECT_CONVERSION = YES_AGGRESSIVE;
				CLANG_CXX_LANGUAGE_STANDARD = "gnu++17";
				CLANG_ENABLE_MODULES = YES;
				CLANG_ENABLE_OBJC_ARC = YES;
				CLANG_ENABLE_OBJC_WEAK = YES;
				CLANG_WARN_BLOCK_CAPTURE_AUTORELEASING = YES;
				CLANG_WARN_BOOL_CONVERSION = YES;
				CLANG_WARN_COMMA = YES;
				CLANG_WARN_CONSTANT_CONVERSION = YES;
				CLANG_WARN_DEPRECATED_OBJC_IMPLEMENTATIONS = YES;
				CLANG_WARN_DIRECT_OBJC_ISA_USAGE = YES_ERROR;
				CLANG_WARN_DOCUMENTATION_COMMENTS = YES;
				CLANG_WARN_EMPTY_BODY = YES;
				CLANG_WARN_ENUM_CONVERSION = YES;
				CLANG_WARN_INFINITE_RECURSION = YES;
				CLANG_WARN_INT_CONVERSION = YES;
				CLANG_WARN_NON_LITERAL_NULL_CONVERSION = YES;
				CLANG_WARN_OBJC_IMPLICIT_RETAIN_SELF = YES;
				CLANG_WARN_OBJC_LITERAL_CONVERSION = YES;
				CLANG_WARN_OBJC_ROOT_CLASS = YES_ERROR;
				CLANG_WARN_QUOTED_INCLUDE_IN_FRAMEWORK_HEADER = YES;
				CLANG_WARN_RANGE_LOOP_ANALYSIS = YES;
				CLANG_WARN_STRICT_PROTOTYPES = YES;
				CLANG_WARN_SUSPICIOUS_MOVE = YES;
				CLANG_WARN_UNGUARDED_AVAILABILITY = YES_AGGRESSIVE;
				CLANG_WARN_UNREACHABLE_CODE = YES;
				CLANG_WARN__DUPLICATE_METHOD_MATCH = YES;
				COPY_PHASE_STRIP = NO;
				DEBUG_INFORMATION_FORMAT = "dwarf-with-dsym";
				ENABLE_NS_ASSERTIONS = NO;
				ENABLE_STRICT_OBJC_MSGSEND = YES;
				GCC_C_LANGUAGE_STANDARD = gnu11;
				GCC_NO_COMMON_BLOCKS = YES;
				GCC_WARN_64_TO_32_BIT_CONVERSION = YES;
				GCC_WARN_ABOUT_RETURN_TYPE = YES_ERROR;
				GCC_WARN_UNDECLARED_SELECTOR = YES;
				GCC_WARN_UNINITIALIZED_AUTOS = YES_AGGRESSIVE;
				GCC_WARN_UNUSED_FUNCTION = YES;
				GCC_WARN_UNUSED_VARIABLE = YES;
				IPHONEOS_DEPLOYMENT_TARGET = 15.5;
				MTL_ENABLE_DEBUG_INFO = NO;
				MTL_FAST_MATH = YES;
				SDKROOT = iphoneos;
				SWIFT_COMPILATION_MODE = wholemodule;
				SWIFT_OPTIMIZATION_LEVEL = "-O";
				VALIDATE_PRODUCT = YES;
			};
			name = Release;
		};
		74EBAD052858C7F4002F6F13 /* Debug */ = {
			isa = XCBuildConfiguration;
			buildSettings = {
				ASSETCATALOG_COMPILER_APPICON_NAME = AppIcon;
				ASSETCATALOG_COMPILER_GLOBAL_ACCENT_COLOR_NAME = AccentColor;
				CODE_SIGN_STYLE = Automatic;
				CURRENT_PROJECT_VERSION = 1;
				GENERATE_INFOPLIST_FILE = YES;
				INFOPLIST_FILE = "Coctail App/Info.plist";
				INFOPLIST_KEY_UIApplicationSupportsIndirectInputEvents = YES;
				INFOPLIST_KEY_UILaunchStoryboardName = LaunchScreen;
				INFOPLIST_KEY_UIMainStoryboardFile = Main;
				INFOPLIST_KEY_UISupportedInterfaceOrientations = UIInterfaceOrientationPortrait;
				INFOPLIST_KEY_UISupportedInterfaceOrientations_iPad = "UIInterfaceOrientationPortrait UIInterfaceOrientationPortraitUpsideDown UIInterfaceOrientationLandscapeLeft UIInterfaceOrientationLandscapeRight";
				INFOPLIST_KEY_UISupportedInterfaceOrientations_iPhone = "UIInterfaceOrientationPortrait UIInterfaceOrientationLandscapeLeft UIInterfaceOrientationLandscapeRight";
				IPHONEOS_DEPLOYMENT_TARGET = 14.0;
				LD_RUNPATH_SEARCH_PATHS = (
					"$(inherited)",
					"@executable_path/Frameworks",
				);
				MARKETING_VERSION = 1.0;
				PRODUCT_BUNDLE_IDENTIFIER = "com.dsankovsky.Coctail-App";
				PRODUCT_NAME = "$(TARGET_NAME)";
				SWIFT_EMIT_LOC_STRINGS = YES;
				SWIFT_VERSION = 5.0;
				TARGETED_DEVICE_FAMILY = "1,2";
			};
			name = Debug;
		};
		74EBAD062858C7F4002F6F13 /* Release */ = {
			isa = XCBuildConfiguration;
			buildSettings = {
				ASSETCATALOG_COMPILER_APPICON_NAME = AppIcon;
				ASSETCATALOG_COMPILER_GLOBAL_ACCENT_COLOR_NAME = AccentColor;
				CODE_SIGN_STYLE = Automatic;
				CURRENT_PROJECT_VERSION = 1;
				GENERATE_INFOPLIST_FILE = YES;
				INFOPLIST_FILE = "Coctail App/Info.plist";
				INFOPLIST_KEY_UIApplicationSupportsIndirectInputEvents = YES;
				INFOPLIST_KEY_UILaunchStoryboardName = LaunchScreen;
				INFOPLIST_KEY_UIMainStoryboardFile = Main;
				INFOPLIST_KEY_UISupportedInterfaceOrientations = UIInterfaceOrientationPortrait;
				INFOPLIST_KEY_UISupportedInterfaceOrientations_iPad = "UIInterfaceOrientationPortrait UIInterfaceOrientationPortraitUpsideDown UIInterfaceOrientationLandscapeLeft UIInterfaceOrientationLandscapeRight";
				INFOPLIST_KEY_UISupportedInterfaceOrientations_iPhone = "UIInterfaceOrientationPortrait UIInterfaceOrientationLandscapeLeft UIInterfaceOrientationLandscapeRight";
				IPHONEOS_DEPLOYMENT_TARGET = 14.0;
				LD_RUNPATH_SEARCH_PATHS = (
					"$(inherited)",
					"@executable_path/Frameworks",
				);
				MARKETING_VERSION = 1.0;
				PRODUCT_BUNDLE_IDENTIFIER = "com.dsankovsky.Coctail-App";
				PRODUCT_NAME = "$(TARGET_NAME)";
				SWIFT_EMIT_LOC_STRINGS = YES;
				SWIFT_VERSION = 5.0;
				TARGETED_DEVICE_FAMILY = "1,2";
			};
			name = Release;
		};
/* End XCBuildConfiguration section */

/* Begin XCConfigurationList section */
		74EBACEB2858C7F2002F6F13 /* Build configuration list for PBXProject "Coctail App" */ = {
			isa = XCConfigurationList;
			buildConfigurations = (
				74EBAD022858C7F4002F6F13 /* Debug */,
				74EBAD032858C7F4002F6F13 /* Release */,
			);
			defaultConfigurationIsVisible = 0;
			defaultConfigurationName = Release;
		};
		74EBAD042858C7F4002F6F13 /* Build configuration list for PBXNativeTarget "Coctail App" */ = {
			isa = XCConfigurationList;
			buildConfigurations = (
				74EBAD052858C7F4002F6F13 /* Debug */,
				74EBAD062858C7F4002F6F13 /* Release */,
			);
			defaultConfigurationIsVisible = 0;
			defaultConfigurationName = Release;
		};
/* End XCConfigurationList section */
	};
	rootObject = 74EBACE82858C7F2002F6F13 /* Project object */;
}
